[dependencies]
  [dependencies.k8s]
    name = "k8s"
    full_name = "k8s_1.32"
    version = "1.32"
    sum = "f9zO0Ysjbelb0Gn4T5Wa/X6yEmrxipm13pXWU4yK86Y="
    reg = "ghcr.io"
    repo = "kcl-lang/k8s"
    oci_tag = "1.32"
  [dependencies.outdent]
    name = "outdent"
    full_name = "outdent_0.1.0"
    version = "0.1.0"
    sum = "hx6FEJC+9Co0056NXoJmx3B/VJdRD6+M/hDlDCrMw7Q="
    reg = "ghcr.io"
    repo = "kcl-lang/outdent"
    oci_tag = "0.1.0"
